
Microsoft Visual Studio Solution File, Format Version 12.00
# Visual Studio Version 17
VisualStudioVersion = 17.4.33205.214
MinimumVisualStudioVersion = 10.0.40219.1
Project("{FAE04EC0-301F-11D3-BF4B-00C04F79EFBC}") = "NET8", "NET8\NET8.csproj", "{AA318209-FF1B-4ECA-9C4E-94510ABC5186}"
EndProject
Global
	GlobalSection(SolutionConfigurationPlatforms) = preSolution
		Debug|Any CPU = Debug|Any CPU
		Release|Any CPU = Release|Any CPU
	EndGlobalSection
	GlobalSection(ProjectConfigurationPlatforms) = postSolution
		{AA318209-FF1B-4ECA-9C4E-94510ABC5186}.Debug|Any CPU.ActiveCfg = Debug|Any CPU
		{AA318209-FF1B-4ECA-9C4E-94510ABC5186}.Debug|Any CPU.Build.0 = Debug|Any CPU
		{AA318209-FF1B-4ECA-9C4E-94510ABC5186}.Release|Any CPU.ActiveCfg = Release|Any CPU
		{AA318209-FF1B-4ECA-9C4E-94510ABC5186}.Release|Any CPU.Build.0 = Release|Any CPU
	EndGlobalSection
	GlobalSection(SolutionProperties) = preSolution
		HideSolutionNode = FALSE
	EndGlobalSection
	GlobalSection(ExtensibilityGlobals) = postSolution
		SolutionGuid = {B5CD8974-7EF8-4761-B83B-E0066077946B}
	EndGlobalSection
EndGlobal
